
Microsoft Visual Studio Solution File, Format Version 12.00
# Visual Studio Version 16
VisualStudioVersion = 16.0.29519.87
MinimumVisualStudioVersion = 10.0.40219.1
Project("{8BC9CEB8-8B4A-11D0-8D11-00A0C91BC942}") = "OneShotCore", "OneShotCore\OneShotCore.vcxproj", "{6EEB966D-91DC-4BBC-9C3F-802E7CCDD7AD}"
EndProject
Project("{8BC9CEB8-8B4A-11D0-8D11-00A0C91BC942}") = "OneShotCore_Testing", "OneShotCore_Testing\OneShotCore_Testing.vcxproj", "{335AE50F-B739-48DE-982C-D524F1BAB9D5}"
	ProjectSection(ProjectDependencies) = postProject
		{6EEB966D-91DC-4BBC-9C3F-802E7CCDD7AD} = {6EEB966D-91DC-4BBC-9C3F-802E7CCDD7AD}
	EndProjectSection
EndProject
Project("{8BC9CEB8-8B4A-11D0-8D11-00A0C91BC942}") = "OneShotRenderer3D", "OneShotRenderer\OneShotRenderer.vcxproj", "{9B5EB5A6-B812-43B1-9F6E-255C103CFC80}"
	ProjectSection(ProjectDependencies) = postProject
		{6EEB966D-91DC-4BBC-9C3F-802E7CCDD7AD} = {6EEB966D-91DC-4BBC-9C3F-802E7CCDD7AD}
	EndProjectSection
EndProject
Project("{8BC9CEB8-8B4A-11D0-8D11-00A0C91BC942}") = "OneShotRenderer_Testing", "OneShotRenderer_Testing\OneShotRenderer_Testing.vcxproj", "{309A2BD3-BBC7-4A14-AAE2-DA8E113E1D4D}"
	ProjectSection(ProjectDependencies) = postProject
		{6EEB966D-91DC-4BBC-9C3F-802E7CCDD7AD} = {6EEB966D-91DC-4BBC-9C3F-802E7CCDD7AD}
		{9B5EB5A6-B812-43B1-9F6E-255C103CFC80} = {9B5EB5A6-B812-43B1-9F6E-255C103CFC80}
	EndProjectSection
EndProject
Global
	GlobalSection(SolutionConfigurationPlatforms) = preSolution
		Debug|x64 = Debug|x64
		Debug|x86 = Debug|x86
		Release|x64 = Release|x64
		Release|x86 = Release|x86
	EndGlobalSection
	GlobalSection(ProjectConfigurationPlatforms) = postSolution
		{6EEB966D-91DC-4BBC-9C3F-802E7CCDD7AD}.Debug|x64.ActiveCfg = Debug|x64
		{6EEB966D-91DC-4BBC-9C3F-802E7CCDD7AD}.Debug|x64.Build.0 = Debug|x64
		{6EEB966D-91DC-4BBC-9C3F-802E7CCDD7AD}.Debug|x86.ActiveCfg = Debug|Win32
		{6EEB966D-91DC-4BBC-9C3F-802E7CCDD7AD}.Debug|x86.Build.0 = Debug|Win32
		{6EEB966D-91DC-4BBC-9C3F-802E7CCDD7AD}.Release|x64.ActiveCfg = Release|x64
		{6EEB966D-91DC-4BBC-9C3F-802E7CCDD7AD}.Release|x64.Build.0 = Release|x64
		{6EEB966D-91DC-4BBC-9C3F-802E7CCDD7AD}.Release|x86.ActiveCfg = Release|Win32
		{6EEB966D-91DC-4BBC-9C3F-802E7CCDD7AD}.Release|x86.Build.0 = Release|Win32
		{335AE50F-B739-48DE-982C-D524F1BAB9D5}.Debug|x64.ActiveCfg = Debug|x64
		{335AE50F-B739-48DE-982C-D524F1BAB9D5}.Debug|x64.Build.0 = Debug|x64
		{335AE50F-B739-48DE-982C-D524F1BAB9D5}.Debug|x86.ActiveCfg = Debug|Win32
		{335AE50F-B739-48DE-982C-D524F1BAB9D5}.Debug|x86.Build.0 = Debug|Win32
		{335AE50F-B739-48DE-982C-D524F1BAB9D5}.Release|x64.ActiveCfg = Release|x64
		{335AE50F-B739-48DE-982C-D524F1BAB9D5}.Release|x64.Build.0 = Release|x64
		{335AE50F-B739-48DE-982C-D524F1BAB9D5}.Release|x86.ActiveCfg = Release|Win32
		{335AE50F-B739-48DE-982C-D524F1BAB9D5}.Release|x86.Build.0 = Release|Win32
		{9B5EB5A6-B812-43B1-9F6E-255C103CFC80}.Debug|x64.ActiveCfg = Debug|x64
		{9B5EB5A6-B812-43B1-9F6E-255C103CFC80}.Debug|x64.Build.0 = Debug|x64
		{9B5EB5A6-B812-43B1-9F6E-255C103CFC80}.Debug|x86.ActiveCfg = Debug|Win32
		{9B5EB5A6-B812-43B1-9F6E-255C103CFC80}.Debug|x86.Build.0 = Debug|Win32
		{9B5EB5A6-B812-43B1-9F6E-255C103CFC80}.Release|x64.ActiveCfg = Release|x64
		{9B5EB5A6-B812-43B1-9F6E-255C103CFC80}.Release|x64.Build.0 = Release|x64
		{9B5EB5A6-B812-43B1-9F6E-255C103CFC80}.Release|x86.ActiveCfg = Release|Win32
		{9B5EB5A6-B812-43B1-9F6E-255C103CFC80}.Release|x86.Build.0 = Release|Win32
		{309A2BD3-BBC7-4A14-AAE2-DA8E113E1D4D}.Debug|x64.ActiveCfg = Debug|x64
		{309A2BD3-BBC7-4A14-AAE2-DA8E113E1D4D}.Debug|x64.Build.0 = Debug|x64
		{309A2BD3-BBC7-4A14-AAE2-DA8E113E1D4D}.Debug|x86.ActiveCfg = Debug|Win32
		{309A2BD3-BBC7-4A14-AAE2-DA8E113E1D4D}.Debug|x86.Build.0 = Debug|Win32
		{309A2BD3-BBC7-4A14-AAE2-DA8E113E1D4D}.Release|x64.ActiveCfg = Release|x64
		{309A2BD3-BBC7-4A14-AAE2-DA8E113E1D4D}.Release|x64.Build.0 = Release|x64
		{309A2BD3-BBC7-4A14-AAE2-DA8E113E1D4D}.Release|x86.ActiveCfg = Release|Win32
		{309A2BD3-BBC7-4A14-AAE2-DA8E113E1D4D}.Release|x86.Build.0 = Release|Win32
	EndGlobalSection
	GlobalSection(SolutionProperties) = preSolution
		HideSolutionNode = FALSE
	EndGlobalSection
	GlobalSection(ExtensibilityGlobals) = postSolution
		SolutionGuid = {8AFA76C6-27FF-4A94-9EB0-54669C9080C0}
	EndGlobalSection
EndGlobal
